
Microsoft Visual Studio Solution File, Format Version 12.00
# Visual Studio Version 16
VisualStudioVersion = 16.0.31129.286
MinimumVisualStudioVersion = 10.0.40219.1
Project("{D954291E-2A0B-460D-934E-DC6B0785DB48}") = "DiscordStatus.Shared", "DiscordStatus.Shared\DiscordStatus.Shared.shproj", "{6279C845-92F8-4333-AB99-3D213163593C}"
EndProject
Project("{2150E333-8FDC-42A3-9474-1A3956D46DE8}") = "Platforms", "Platforms", "{FAF70A1E-5C75-4520-95E5-492E2B023B80}"
EndProject
Project("{FAE04EC0-301F-11D3-BF4B-00C04F79EFBC}") = "DiscordStatus.Droid", "DiscordStatus.Droid\DiscordStatus.Droid.csproj", "{739E626C-07C8-4809-BA1C-261AFF3DF792}"
EndProject
Project("{FAE04EC0-301F-11D3-BF4B-00C04F79EFBC}") = "DiscordStatus.iOS", "DiscordStatus.iOS\DiscordStatus.iOS.csproj", "{4EE9B8AE-8FAA-47D6-90DB-C7E43817E059}"
EndProject
Project("{FAE04EC0-301F-11D3-BF4B-00C04F79EFBC}") = "DiscordStatus.UWP", "DiscordStatus.UWP\DiscordStatus.UWP.csproj", "{395AC769-99D1-4A77-8062-E897ED0CBFCA}"
EndProject
Project("{FAE04EC0-301F-11D3-BF4B-00C04F79EFBC}") = "DiscordStatus.Wasm", "DiscordStatus.Wasm\DiscordStatus.Wasm.csproj", "{37FF74F5-16BD-40DF-939C-FA9EDDFA9A6A}"
EndProject
Project("{FAE04EC0-301F-11D3-BF4B-00C04F79EFBC}") = "DiscordStatus.macOS", "DiscordStatus.macOS\DiscordStatus.macOS.csproj", "{57B16B4C-879D-4964-BC02-A5B1C28FB1B5}"
EndProject
Project("{FAE04EC0-301F-11D3-BF4B-00C04F79EFBC}") = "DiscordStatus.Skia.Wpf.Host", "DiscordStatus.Skia.Wpf.Host\DiscordStatus.Skia.Wpf.Host.csproj", "{00834BC2-E5A2-4EDB-ACEE-1A26A7CEB046}"
EndProject
Project("{FAE04EC0-301F-11D3-BF4B-00C04F79EFBC}") = "DiscordStatus.Skia.Wpf", "DiscordStatus.Skia.Wpf\DiscordStatus.Skia.Wpf.csproj", "{7BE70B2A-E282-483F-9740-3FC9017CB9D0}"
EndProject
Project("{FAE04EC0-301F-11D3-BF4B-00C04F79EFBC}") = "DiscordStatus.Skia.Gtk", "DiscordStatus.Skia.Gtk\DiscordStatus.Skia.Gtk.csproj", "{ECD34200-CD25-4B2C-A9E5-26408B3FEEDE}"
EndProject
Project("{FAE04EC0-301F-11D3-BF4B-00C04F79EFBC}") = "DiscordStatus.Skia.Tizen", "DiscordStatus.Skia.Tizen\DiscordStatus.Skia.Tizen.csproj", "{4A66BF52-C70B-4348-8CEA-C9190C84CC3D}"
EndProject
Global
	GlobalSection(SharedMSBuildProjectFiles) = preSolution
		DiscordStatus.Shared\DiscordStatus.Shared.projitems*{37ff74f5-16bd-40df-939c-fa9eddfa9a6a}*SharedItemsImports = 5
		DiscordStatus.Shared\DiscordStatus.Shared.projitems*{395ac769-99d1-4a77-8062-e897ed0cbfca}*SharedItemsImports = 4
		DiscordStatus.Shared\DiscordStatus.Shared.projitems*{4a66bf52-c70b-4348-8cea-c9190c84cc3d}*SharedItemsImports = 5
		DiscordStatus.Shared\DiscordStatus.Shared.projitems*{4ee9b8ae-8faa-47d6-90db-c7e43817e059}*SharedItemsImports = 4
		DiscordStatus.Shared\DiscordStatus.Shared.projitems*{57b16b4c-879d-4964-bc02-a5b1c28fb1b5}*SharedItemsImports = 4
		DiscordStatus.Shared\DiscordStatus.Shared.projitems*{6279c845-92f8-4333-ab99-3d213163593c}*SharedItemsImports = 13
		DiscordStatus.Shared\DiscordStatus.Shared.projitems*{739e626c-07c8-4809-ba1c-261aff3df792}*SharedItemsImports = 4
		DiscordStatus.Shared\DiscordStatus.Shared.projitems*{7be70b2a-e282-483f-9740-3fc9017cb9d0}*SharedItemsImports = 5
		DiscordStatus.Shared\DiscordStatus.Shared.projitems*{ecd34200-cd25-4b2c-a9e5-26408b3feede}*SharedItemsImports = 5
	EndGlobalSection
	GlobalSection(SolutionConfigurationPlatforms) = preSolution
		Ad-Hoc|Any CPU = Ad-Hoc|Any CPU
		Ad-Hoc|ARM = Ad-Hoc|ARM
		Ad-Hoc|ARM64 = Ad-Hoc|ARM64
		Ad-Hoc|iPhone = Ad-Hoc|iPhone
		Ad-Hoc|iPhoneSimulator = Ad-Hoc|iPhoneSimulator
		Ad-Hoc|x64 = Ad-Hoc|x64
		Ad-Hoc|x86 = Ad-Hoc|x86
		AppStore|Any CPU = AppStore|Any CPU
		AppStore|ARM = AppStore|ARM
		AppStore|ARM64 = AppStore|ARM64
		AppStore|iPhone = AppStore|iPhone
		AppStore|iPhoneSimulator = AppStore|iPhoneSimulator
		AppStore|x64 = AppStore|x64
		AppStore|x86 = AppStore|x86
		Debug|Any CPU = Debug|Any CPU
		Debug|ARM = Debug|ARM
		Debug|ARM64 = Debug|ARM64
		Debug|iPhone = Debug|iPhone
		Debug|iPhoneSimulator = Debug|iPhoneSimulator
		Debug|x64 = Debug|x64
		Debug|x86 = Debug|x86
		Release|Any CPU = Release|Any CPU
		Release|ARM = Release|ARM
		Release|ARM64 = Release|ARM64
		Release|iPhone = Release|iPhone
		Release|iPhoneSimulator = Release|iPhoneSimulator
		Release|x64 = Release|x64
		Release|x86 = Release|x86
	EndGlobalSection
	GlobalSection(ProjectConfigurationPlatforms) = postSolution
		{739E626C-07C8-4809-BA1C-261AFF3DF792}.Ad-Hoc|Any CPU.ActiveCfg = Debug|Any CPU
		{739E626C-07C8-4809-BA1C-261AFF3DF792}.Ad-Hoc|Any CPU.Build.0 = Debug|Any CPU
		{739E626C-07C8-4809-BA1C-261AFF3DF792}.Ad-Hoc|Any CPU.Deploy.0 = Debug|Any CPU
		{739E626C-07C8-4809-BA1C-261AFF3DF792}.Ad-Hoc|ARM.ActiveCfg = Debug|Any CPU
		{739E626C-07C8-4809-BA1C-261AFF3DF792}.Ad-Hoc|ARM.Build.0 = Debug|Any CPU
		{739E626C-07C8-4809-BA1C-261AFF3DF792}.Ad-Hoc|ARM.Deploy.0 = Debug|Any CPU
		{739E626C-07C8-4809-BA1C-261AFF3DF792}.Ad-Hoc|ARM64.ActiveCfg = Debug|Any CPU
		{739E626C-07C8-4809-BA1C-261AFF3DF792}.Ad-Hoc|ARM64.Build.0 = Debug|Any CPU
		{739E626C-07C8-4809-BA1C-261AFF3DF792}.Ad-Hoc|ARM64.Deploy.0 = Debug|Any CPU
		{739E626C-07C8-4809-BA1C-261AFF3DF792}.Ad-Hoc|iPhone.ActiveCfg = Debug|Any CPU
		{739E626C-07C8-4809-BA1C-261AFF3DF792}.Ad-Hoc|iPhone.Build.0 = Debug|Any CPU
		{739E626C-07C8-4809-BA1C-261AFF3DF792}.Ad-Hoc|iPhone.Deploy.0 = Debug|Any CPU
		{739E626C-07C8-4809-BA1C-261AFF3DF792}.Ad-Hoc|iPhoneSimulator.ActiveCfg = Debug|Any CPU
		{739E626C-07C8-4809-BA1C-261AFF3DF792}.Ad-Hoc|iPhoneSimulator.Build.0 = Debug|Any CPU
		{739E626C-07C8-4809-BA1C-261AFF3DF792}.Ad-Hoc|iPhoneSimulator.Deploy.0 = Debug|Any CPU
		{739E626C-07C8-4809-BA1C-261AFF3DF792}.Ad-Hoc|x64.ActiveCfg = Debug|Any CPU
		{739E626C-07C8-4809-BA1C-261AFF3DF792}.Ad-Hoc|x64.Build.0 = Debug|Any CPU
		{739E626C-07C8-4809-BA1C-261AFF3DF792}.Ad-Hoc|x64.Deploy.0 = Debug|Any CPU
		{739E626C-07C8-4809-BA1C-261AFF3DF792}.Ad-Hoc|x86.ActiveCfg = Debug|Any CPU
		{739E626C-07C8-4809-BA1C-261AFF3DF792}.Ad-Hoc|x86.Build.0 = Debug|Any CPU
		{739E626C-07C8-4809-BA1C-261AFF3DF792}.Ad-Hoc|x86.Deploy.0 = Debug|Any CPU
		{739E626C-07C8-4809-BA1C-261AFF3DF792}.AppStore|Any CPU.ActiveCfg = Debug|Any CPU
		{739E626C-07C8-4809-BA1C-261AFF3DF792}.AppStore|Any CPU.Build.0 = Debug|Any CPU
		{739E626C-07C8-4809-BA1C-261AFF3DF792}.AppStore|Any CPU.Deploy.0 = Debug|Any CPU
		{739E626C-07C8-4809-BA1C-261AFF3DF792}.AppStore|ARM.ActiveCfg = Debug|Any CPU
		{739E626C-07C8-4809-BA1C-261AFF3DF792}.AppStore|ARM.Build.0 = Debug|Any CPU
		{739E626C-07C8-4809-BA1C-261AFF3DF792}.AppStore|ARM.Deploy.0 = Debug|Any CPU
		{739E626C-07C8-4809-BA1C-261AFF3DF792}.AppStore|ARM64.ActiveCfg = Debug|Any CPU
		{739E626C-07C8-4809-BA1C-261AFF3DF792}.AppStore|ARM64.Build.0 = Debug|Any CPU
		{739E626C-07C8-4809-BA1C-261AFF3DF792}.AppStore|ARM64.Deploy.0 = Debug|Any CPU
		{739E626C-07C8-4809-BA1C-261AFF3DF792}.AppStore|iPhone.ActiveCfg = Debug|Any CPU
		{739E626C-07C8-4809-BA1C-261AFF3DF792}.AppStore|iPhone.Build.0 = Debug|Any CPU
		{739E626C-07C8-4809-BA1C-261AFF3DF792}.AppStore|iPhone.Deploy.0 = Debug|Any CPU
		{739E626C-07C8-4809-BA1C-261AFF3DF792}.AppStore|iPhoneSimulator.ActiveCfg = Debug|Any CPU
		{739E626C-07C8-4809-BA1C-261AFF3DF792}.AppStore|iPhoneSimulator.Build.0 = Debug|Any CPU
		{739E626C-07C8-4809-BA1C-261AFF3DF792}.AppStore|iPhoneSimulator.Deploy.0 = Debug|Any CPU
		{739E626C-07C8-4809-BA1C-261AFF3DF792}.AppStore|x64.ActiveCfg = Debug|Any CPU
		{739E626C-07C8-4809-BA1C-261AFF3DF792}.AppStore|x64.Build.0 = Debug|Any CPU
		{739E626C-07C8-4809-BA1C-261AFF3DF792}.AppStore|x64.Deploy.0 = Debug|Any CPU
		{739E626C-07C8-4809-BA1C-261AFF3DF792}.AppStore|x86.ActiveCfg = Debug|Any CPU
		{739E626C-07C8-4809-BA1C-261AFF3DF792}.AppStore|x86.Build.0 = Debug|Any CPU
		{739E626C-07C8-4809-BA1C-261AFF3DF792}.AppStore|x86.Deploy.0 = Debug|Any CPU
		{739E626C-07C8-4809-BA1C-261AFF3DF792}.Debug|Any CPU.ActiveCfg = Debug|Any CPU
		{739E626C-07C8-4809-BA1C-261AFF3DF792}.Debug|Any CPU.Build.0 = Debug|Any CPU
		{739E626C-07C8-4809-BA1C-261AFF3DF792}.Debug|Any CPU.Deploy.0 = Debug|Any CPU
		{739E626C-07C8-4809-BA1C-261AFF3DF792}.Debug|ARM.ActiveCfg = Debug|Any CPU
		{739E626C-07C8-4809-BA1C-261AFF3DF792}.Debug|ARM.Build.0 = Debug|Any CPU
		{739E626C-07C8-4809-BA1C-261AFF3DF792}.Debug|ARM.Deploy.0 = Debug|Any CPU
		{739E626C-07C8-4809-BA1C-261AFF3DF792}.Debug|ARM64.ActiveCfg = Debug|Any CPU
		{739E626C-07C8-4809-BA1C-261AFF3DF792}.Debug|ARM64.Build.0 = Debug|Any CPU
		{739E626C-07C8-4809-BA1C-261AFF3DF792}.Debug|ARM64.Deploy.0 = Debug|Any CPU
		{739E626C-07C8-4809-BA1C-261AFF3DF792}.Debug|iPhone.ActiveCfg = Debug|Any CPU
		{739E626C-07C8-4809-BA1C-261AFF3DF792}.Debug|iPhone.Build.0 = Debug|Any CPU
		{739E626C-07C8-4809-BA1C-261AFF3DF792}.Debug|iPhone.Deploy.0 = Debug|Any CPU
		{739E626C-07C8-4809-BA1C-261AFF3DF792}.Debug|iPhoneSimulator.ActiveCfg = Debug|Any CPU
		{739E626C-07C8-4809-BA1C-261AFF3DF792}.Debug|iPhoneSimulator.Build.0 = Debug|Any CPU
		{739E626C-07C8-4809-BA1C-261AFF3DF792}.Debug|iPhoneSimulator.Deploy.0 = Debug|Any CPU
		{739E626C-07C8-4809-BA1C-261AFF3DF792}.Debug|x64.ActiveCfg = Debug|Any CPU
		{739E626C-07C8-4809-BA1C-261AFF3DF792}.Debug|x64.Build.0 = Debug|Any CPU
		{739E626C-07C8-4809-BA1C-261AFF3DF792}.Debug|x64.Deploy.0 = Debug|Any CPU
		{739E626C-07C8-4809-BA1C-261AFF3DF792}.Debug|x86.ActiveCfg = Debug|Any CPU
		{739E626C-07C8-4809-BA1C-261AFF3DF792}.Debug|x86.Build.0 = Debug|Any CPU
		{739E626C-07C8-4809-BA1C-261AFF3DF792}.Debug|x86.Deploy.0 = Debug|Any CPU
		{739E626C-07C8-4809-BA1C-261AFF3DF792}.Release|Any CPU.ActiveCfg = Release|Any CPU
		{739E626C-07C8-4809-BA1C-261AFF3DF792}.Release|Any CPU.Build.0 = Release|Any CPU
		{739E626C-07C8-4809-BA1C-261AFF3DF792}.Release|Any CPU.Deploy.0 = Release|Any CPU
		{739E626C-07C8-4809-BA1C-261AFF3DF792}.Release|ARM.ActiveCfg = Release|Any CPU
		{739E626C-07C8-4809-BA1C-261AFF3DF792}.Release|ARM.Build.0 = Release|Any CPU
		{739E626C-07C8-4809-BA1C-261AFF3DF792}.Release|ARM.Deploy.0 = Release|Any CPU
		{739E626C-07C8-4809-BA1C-261AFF3DF792}.Release|ARM64.ActiveCfg = Release|Any CPU
		{739E626C-07C8-4809-BA1C-261AFF3DF792}.Release|ARM64.Build.0 = Release|Any CPU
		{739E626C-07C8-4809-BA1C-261AFF3DF792}.Release|ARM64.Deploy.0 = Release|Any CPU
		{739E626C-07C8-4809-BA1C-261AFF3DF792}.Release|iPhone.ActiveCfg = Release|Any CPU
		{739E626C-07C8-4809-BA1C-261AFF3DF792}.Release|iPhone.Build.0 = Release|Any CPU
		{739E626C-07C8-4809-BA1C-261AFF3DF792}.Release|iPhone.Deploy.0 = Release|Any CPU
		{739E626C-07C8-4809-BA1C-261AFF3DF792}.Release|iPhoneSimulator.ActiveCfg = Release|Any CPU
		{739E626C-07C8-4809-BA1C-261AFF3DF792}.Release|iPhoneSimulator.Build.0 = Release|Any CPU
		{739E626C-07C8-4809-BA1C-261AFF3DF792}.Release|iPhoneSimulator.Deploy.0 = Release|Any CPU
		{739E626C-07C8-4809-BA1C-261AFF3DF792}.Release|x64.ActiveCfg = Release|Any CPU
		{739E626C-07C8-4809-BA1C-261AFF3DF792}.Release|x64.Build.0 = Release|Any CPU
		{739E626C-07C8-4809-BA1C-261AFF3DF792}.Release|x64.Deploy.0 = Release|Any CPU
		{739E626C-07C8-4809-BA1C-261AFF3DF792}.Release|x86.ActiveCfg = Release|Any CPU
		{739E626C-07C8-4809-BA1C-261AFF3DF792}.Release|x86.Build.0 = Release|Any CPU
		{739E626C-07C8-4809-BA1C-261AFF3DF792}.Release|x86.Deploy.0 = Release|Any CPU
		{4EE9B8AE-8FAA-47D6-90DB-C7E43817E059}.Ad-Hoc|Any CPU.ActiveCfg = Ad-Hoc|iPhoneSimulator
		{4EE9B8AE-8FAA-47D6-90DB-C7E43817E059}.Ad-Hoc|ARM.ActiveCfg = Ad-Hoc|iPhoneSimulator
		{4EE9B8AE-8FAA-47D6-90DB-C7E43817E059}.Ad-Hoc|ARM64.ActiveCfg = Ad-Hoc|iPhoneSimulator
		{4EE9B8AE-8FAA-47D6-90DB-C7E43817E059}.Ad-Hoc|iPhone.ActiveCfg = Ad-Hoc|iPhone
		{4EE9B8AE-8FAA-47D6-90DB-C7E43817E059}.Ad-Hoc|iPhone.Build.0 = Ad-Hoc|iPhone
		{4EE9B8AE-8FAA-47D6-90DB-C7E43817E059}.Ad-Hoc|iPhoneSimulator.ActiveCfg = Ad-Hoc|iPhoneSimulator
		{4EE9B8AE-8FAA-47D6-90DB-C7E43817E059}.Ad-Hoc|iPhoneSimulator.Build.0 = Ad-Hoc|iPhoneSimulator
		{4EE9B8AE-8FAA-47D6-90DB-C7E43817E059}.Ad-Hoc|x64.ActiveCfg = Ad-Hoc|iPhoneSimulator
		{4EE9B8AE-8FAA-47D6-90DB-C7E43817E059}.Ad-Hoc|x86.ActiveCfg = Ad-Hoc|iPhoneSimulator
		{4EE9B8AE-8FAA-47D6-90DB-C7E43817E059}.AppStore|Any CPU.ActiveCfg = AppStore|iPhoneSimulator
		{4EE9B8AE-8FAA-47D6-90DB-C7E43817E059}.AppStore|ARM.ActiveCfg = AppStore|iPhoneSimulator
		{4EE9B8AE-8FAA-47D6-90DB-C7E43817E059}.AppStore|ARM64.ActiveCfg = AppStore|iPhoneSimulator
		{4EE9B8AE-8FAA-47D6-90DB-C7E43817E059}.AppStore|iPhone.ActiveCfg = AppStore|iPhone
		{4EE9B8AE-8FAA-47D6-90DB-C7E43817E059}.AppStore|iPhone.Build.0 = AppStore|iPhone
		{4EE9B8AE-8FAA-47D6-90DB-C7E43817E059}.AppStore|iPhoneSimulator.ActiveCfg = AppStore|iPhoneSimulator
		{4EE9B8AE-8FAA-47D6-90DB-C7E43817E059}.AppStore|iPhoneSimulator.Build.0 = AppStore|iPhoneSimulator
		{4EE9B8AE-8FAA-47D6-90DB-C7E43817E059}.AppStore|x64.ActiveCfg = AppStore|iPhoneSimulator
		{4EE9B8AE-8FAA-47D6-90DB-C7E43817E059}.AppStore|x86.ActiveCfg = AppStore|iPhoneSimulator
		{4EE9B8AE-8FAA-47D6-90DB-C7E43817E059}.Debug|Any CPU.ActiveCfg = Debug|iPhoneSimulator
		{4EE9B8AE-8FAA-47D6-90DB-C7E43817E059}.Debug|ARM.ActiveCfg = Debug|iPhoneSimulator
		{4EE9B8AE-8FAA-47D6-90DB-C7E43817E059}.Debug|ARM64.ActiveCfg = Debug|iPhoneSimulator
		{4EE9B8AE-8FAA-47D6-90DB-C7E43817E059}.Debug|iPhone.ActiveCfg = Debug|iPhone
		{4EE9B8AE-8FAA-47D6-90DB-C7E43817E059}.Debug|iPhone.Build.0 = Debug|iPhone
		{4EE9B8AE-8FAA-47D6-90DB-C7E43817E059}.Debug|iPhoneSimulator.ActiveCfg = Debug|iPhoneSimulator
		{4EE9B8AE-8FAA-47D6-90DB-C7E43817E059}.Debug|iPhoneSimulator.Build.0 = Debug|iPhoneSimulator
		{4EE9B8AE-8FAA-47D6-90DB-C7E43817E059}.Debug|x64.ActiveCfg = Debug|iPhoneSimulator
		{4EE9B8AE-8FAA-47D6-90DB-C7E43817E059}.Debug|x86.ActiveCfg = Debug|iPhoneSimulator
		{4EE9B8AE-8FAA-47D6-90DB-C7E43817E059}.Release|Any CPU.ActiveCfg = Release|iPhoneSimulator
		{4EE9B8AE-8FAA-47D6-90DB-C7E43817E059}.Release|ARM.ActiveCfg = Release|iPhoneSimulator
		{4EE9B8AE-8FAA-47D6-90DB-C7E43817E059}.Release|ARM64.ActiveCfg = Release|iPhoneSimulator
		{4EE9B8AE-8FAA-47D6-90DB-C7E43817E059}.Release|iPhone.ActiveCfg = Release|iPhone
		{4EE9B8AE-8FAA-47D6-90DB-C7E43817E059}.Release|iPhone.Build.0 = Release|iPhone
		{4EE9B8AE-8FAA-47D6-90DB-C7E43817E059}.Release|iPhoneSimulator.ActiveCfg = Release|iPhoneSimulator
		{4EE9B8AE-8FAA-47D6-90DB-C7E43817E059}.Release|iPhoneSimulator.Build.0 = Release|iPhoneSimulator
		{4EE9B8AE-8FAA-47D6-90DB-C7E43817E059}.Release|x64.ActiveCfg = Release|iPhoneSimulator
		{4EE9B8AE-8FAA-47D6-90DB-C7E43817E059}.Release|x86.ActiveCfg = Release|iPhoneSimulator
		{395AC769-99D1-4A77-8062-E897ED0CBFCA}.Ad-Hoc|Any CPU.ActiveCfg = Debug|x86
		{395AC769-99D1-4A77-8062-E897ED0CBFCA}.Ad-Hoc|ARM.ActiveCfg = Debug|ARM
		{395AC769-99D1-4A77-8062-E897ED0CBFCA}.Ad-Hoc|ARM.Build.0 = Debug|ARM
		{395AC769-99D1-4A77-8062-E897ED0CBFCA}.Ad-Hoc|ARM.Deploy.0 = Debug|ARM
		{395AC769-99D1-4A77-8062-E897ED0CBFCA}.Ad-Hoc|ARM64.ActiveCfg = Debug|ARM64
		{395AC769-99D1-4A77-8062-E897ED0CBFCA}.Ad-Hoc|ARM64.Build.0 = Debug|ARM64
		{395AC769-99D1-4A77-8062-E897ED0CBFCA}.Ad-Hoc|ARM64.Deploy.0 = Debug|ARM64
		{395AC769-99D1-4A77-8062-E897ED0CBFCA}.Ad-Hoc|iPhone.ActiveCfg = Debug|x86
		{395AC769-99D1-4A77-8062-E897ED0CBFCA}.Ad-Hoc|iPhoneSimulator.ActiveCfg = Debug|x86
		{395AC769-99D1-4A77-8062-E897ED0CBFCA}.Ad-Hoc|x64.ActiveCfg = Debug|x64
		{395AC769-99D1-4A77-8062-E897ED0CBFCA}.Ad-Hoc|x64.Build.0 = Debug|x64
		{395AC769-99D1-4A77-8062-E897ED0CBFCA}.Ad-Hoc|x64.Deploy.0 = Debug|x64
		{395AC769-99D1-4A77-8062-E897ED0CBFCA}.Ad-Hoc|x86.ActiveCfg = Debug|x86
		{395AC769-99D1-4A77-8062-E897ED0CBFCA}.Ad-Hoc|x86.Build.0 = Debug|x86
		{395AC769-99D1-4A77-8062-E897ED0CBFCA}.Ad-Hoc|x86.Deploy.0 = Debug|x86
		{395AC769-99D1-4A77-8062-E897ED0CBFCA}.AppStore|Any CPU.ActiveCfg = Debug|x86
		{395AC769-99D1-4A77-8062-E897ED0CBFCA}.AppStore|ARM.ActiveCfg = Debug|ARM
		{395AC769-99D1-4A77-8062-E897ED0CBFCA}.AppStore|ARM.Build.0 = Debug|ARM
		{395AC769-99D1-4A77-8062-E897ED0CBFCA}.AppStore|ARM.Deploy.0 = Debug|ARM
		{395AC769-99D1-4A77-8062-E897ED0CBFCA}.AppStore|ARM64.ActiveCfg = Debug|ARM64
		{395AC769-99D1-4A77-8062-E897ED0CBFCA}.AppStore|ARM64.Build.0 = Debug|ARM64
		{395AC769-99D1-4A77-8062-E897ED0CBFCA}.AppStore|ARM64.Deploy.0 = Debug|ARM64
		{395AC769-99D1-4A77-8062-E897ED0CBFCA}.AppStore|iPhone.ActiveCfg = Debug|x86
		{395AC769-99D1-4A77-8062-E897ED0CBFCA}.AppStore|iPhoneSimulator.ActiveCfg = Debug|x86
		{395AC769-99D1-4A77-8062-E897ED0CBFCA}.AppStore|x64.ActiveCfg = Debug|x64
		{395AC769-99D1-4A77-8062-E897ED0CBFCA}.AppStore|x64.Build.0 = Debug|x64
		{395AC769-99D1-4A77-8062-E897ED0CBFCA}.AppStore|x64.Deploy.0 = Debug|x64
		{395AC769-99D1-4A77-8062-E897ED0CBFCA}.AppStore|x86.ActiveCfg = Debug|x86
		{395AC769-99D1-4A77-8062-E897ED0CBFCA}.AppStore|x86.Build.0 = Debug|x86
		{395AC769-99D1-4A77-8062-E897ED0CBFCA}.AppStore|x86.Deploy.0 = Debug|x86
		{395AC769-99D1-4A77-8062-E897ED0CBFCA}.Debug|Any CPU.ActiveCfg = Debug|x86
		{395AC769-99D1-4A77-8062-E897ED0CBFCA}.Debug|Any CPU.Build.0 = Debug|x86
		{395AC769-99D1-4A77-8062-E897ED0CBFCA}.Debug|Any CPU.Deploy.0 = Debug|x86
		{395AC769-99D1-4A77-8062-E897ED0CBFCA}.Debug|ARM.ActiveCfg = Debug|ARM
		{395AC769-99D1-4A77-8062-E897ED0CBFCA}.Debug|ARM.Build.0 = Debug|ARM
		{395AC769-99D1-4A77-8062-E897ED0CBFCA}.Debug|ARM.Deploy.0 = Debug|ARM
		{395AC769-99D1-4A77-8062-E897ED0CBFCA}.Debug|ARM64.ActiveCfg = Debug|ARM64
		{395AC769-99D1-4A77-8062-E897ED0CBFCA}.Debug|ARM64.Build.0 = Debug|ARM64
		{395AC769-99D1-4A77-8062-E897ED0CBFCA}.Debug|ARM64.Deploy.0 = Debug|ARM64
		{395AC769-99D1-4A77-8062-E897ED0CBFCA}.Debug|iPhone.ActiveCfg = Debug|x86
		{395AC769-99D1-4A77-8062-E897ED0CBFCA}.Debug|iPhoneSimulator.ActiveCfg = Debug|x86
		{395AC769-99D1-4A77-8062-E897ED0CBFCA}.Debug|x64.ActiveCfg = Debug|x64
		{395AC769-99D1-4A77-8062-E897ED0CBFCA}.Debug|x64.Build.0 = Debug|x64
		{395AC769-99D1-4A77-8062-E897ED0CBFCA}.Debug|x64.Deploy.0 = Debug|x64
		{395AC769-99D1-4A77-8062-E897ED0CBFCA}.Debug|x86.ActiveCfg = Debug|x86
		{395AC769-99D1-4A77-8062-E897ED0CBFCA}.Debug|x86.Build.0 = Debug|x86
		{395AC769-99D1-4A77-8062-E897ED0CBFCA}.Debug|x86.Deploy.0 = Debug|x86
		{395AC769-99D1-4A77-8062-E897ED0CBFCA}.Release|Any CPU.ActiveCfg = Release|x86
		{395AC769-99D1-4A77-8062-E897ED0CBFCA}.Release|ARM.ActiveCfg = Release|ARM
		{395AC769-99D1-4A77-8062-E897ED0CBFCA}.Release|ARM.Build.0 = Release|ARM
		{395AC769-99D1-4A77-8062-E897ED0CBFCA}.Release|ARM.Deploy.0 = Release|ARM
		{395AC769-99D1-4A77-8062-E897ED0CBFCA}.Release|ARM64.ActiveCfg = Release|ARM64
		{395AC769-99D1-4A77-8062-E897ED0CBFCA}.Release|ARM64.Build.0 = Release|ARM64
		{395AC769-99D1-4A77-8062-E897ED0CBFCA}.Release|ARM64.Deploy.0 = Release|ARM64
		{395AC769-99D1-4A77-8062-E897ED0CBFCA}.Release|iPhone.ActiveCfg = Release|x86
		{395AC769-99D1-4A77-8062-E897ED0CBFCA}.Release|iPhoneSimulator.ActiveCfg = Release|x86
		{395AC769-99D1-4A77-8062-E897ED0CBFCA}.Release|x64.ActiveCfg = Release|x64
		{395AC769-99D1-4A77-8062-E897ED0CBFCA}.Release|x64.Build.0 = Release|x64
		{395AC769-99D1-4A77-8062-E897ED0CBFCA}.Release|x64.Deploy.0 = Release|x64
		{395AC769-99D1-4A77-8062-E897ED0CBFCA}.Release|x86.ActiveCfg = Release|x86
		{395AC769-99D1-4A77-8062-E897ED0CBFCA}.Release|x86.Build.0 = Release|x86
		{395AC769-99D1-4A77-8062-E897ED0CBFCA}.Release|x86.Deploy.0 = Release|x86
		{37FF74F5-16BD-40DF-939C-FA9EDDFA9A6A}.Ad-Hoc|Any CPU.ActiveCfg = Debug|Any CPU
		{37FF74F5-16BD-40DF-939C-FA9EDDFA9A6A}.Ad-Hoc|Any CPU.Build.0 = Debug|Any CPU
		{37FF74F5-16BD-40DF-939C-FA9EDDFA9A6A}.Ad-Hoc|ARM.ActiveCfg = Debug|Any CPU
		{37FF74F5-16BD-40DF-939C-FA9EDDFA9A6A}.Ad-Hoc|ARM.Build.0 = Debug|Any CPU
		{37FF74F5-16BD-40DF-939C-FA9EDDFA9A6A}.Ad-Hoc|ARM64.ActiveCfg = Debug|Any CPU
		{37FF74F5-16BD-40DF-939C-FA9EDDFA9A6A}.Ad-Hoc|ARM64.Build.0 = Debug|Any CPU
		{37FF74F5-16BD-40DF-939C-FA9EDDFA9A6A}.Ad-Hoc|iPhone.ActiveCfg = Debug|Any CPU
		{37FF74F5-16BD-40DF-939C-FA9EDDFA9A6A}.Ad-Hoc|iPhone.Build.0 = Debug|Any CPU
		{37FF74F5-16BD-40DF-939C-FA9EDDFA9A6A}.Ad-Hoc|iPhoneSimulator.ActiveCfg = Debug|Any CPU
		{37FF74F5-16BD-40DF-939C-FA9EDDFA9A6A}.Ad-Hoc|iPhoneSimulator.Build.0 = Debug|Any CPU
		{37FF74F5-16BD-40DF-939C-FA9EDDFA9A6A}.Ad-Hoc|x64.ActiveCfg = Debug|Any CPU
		{37FF74F5-16BD-40DF-939C-FA9EDDFA9A6A}.Ad-Hoc|x64.Build.0 = Debug|Any CPU
		{37FF74F5-16BD-40DF-939C-FA9EDDFA9A6A}.Ad-Hoc|x86.ActiveCfg = Debug|Any CPU
		{37FF74F5-16BD-40DF-939C-FA9EDDFA9A6A}.Ad-Hoc|x86.Build.0 = Debug|Any CPU
		{37FF74F5-16BD-40DF-939C-FA9EDDFA9A6A}.AppStore|Any CPU.ActiveCfg = Debug|Any CPU
		{37FF74F5-16BD-40DF-939C-FA9EDDFA9A6A}.AppStore|Any CPU.Build.0 = Debug|Any CPU
		{37FF74F5-16BD-40DF-939C-FA9EDDFA9A6A}.AppStore|ARM.ActiveCfg = Debug|Any CPU
		{37FF74F5-16BD-40DF-939C-FA9EDDFA9A6A}.AppStore|ARM.Build.0 = Debug|Any CPU
		{37FF74F5-16BD-40DF-939C-FA9EDDFA9A6A}.AppStore|ARM64.ActiveCfg = Debug|Any CPU
		{37FF74F5-16BD-40DF-939C-FA9EDDFA9A6A}.AppStore|ARM64.Build.0 = Debug|Any CPU
		{37FF74F5-16BD-40DF-939C-FA9EDDFA9A6A}.AppStore|iPhone.ActiveCfg = Debug|Any CPU
		{37FF74F5-16BD-40DF-939C-FA9EDDFA9A6A}.AppStore|iPhone.Build.0 = Debug|Any CPU
		{37FF74F5-16BD-40DF-939C-FA9EDDFA9A6A}.AppStore|iPhoneSimulator.ActiveCfg = Debug|Any CPU
		{37FF74F5-16BD-40DF-939C-FA9EDDFA9A6A}.AppStore|iPhoneSimulator.Build.0 = Debug|Any CPU
		{37FF74F5-16BD-40DF-939C-FA9EDDFA9A6A}.AppStore|x64.ActiveCfg = Debug|Any CPU
		{37FF74F5-16BD-40DF-939C-FA9EDDFA9A6A}.AppStore|x64.Build.0 = Debug|Any CPU
		{37FF74F5-16BD-40DF-939C-FA9EDDFA9A6A}.AppStore|x86.ActiveCfg = Debug|Any CPU
		{37FF74F5-16BD-40DF-939C-FA9EDDFA9A6A}.AppStore|x86.Build.0 = Debug|Any CPU
		{37FF74F5-16BD-40DF-939C-FA9EDDFA9A6A}.Debug|Any CPU.ActiveCfg = Debug|Any CPU
		{37FF74F5-16BD-40DF-939C-FA9EDDFA9A6A}.Debug|Any CPU.Build.0 = Debug|Any CPU
		{37FF74F5-16BD-40DF-939C-FA9EDDFA9A6A}.Debug|ARM.ActiveCfg = Debug|Any CPU
		{37FF74F5-16BD-40DF-939C-FA9EDDFA9A6A}.Debug|ARM.Build.0 = Debug|Any CPU
		{37FF74F5-16BD-40DF-939C-FA9EDDFA9A6A}.Debug|ARM64.ActiveCfg = Debug|Any CPU
		{37FF74F5-16BD-40DF-939C-FA9EDDFA9A6A}.Debug|ARM64.Build.0 = Debug|Any CPU
		{37FF74F5-16BD-40DF-939C-FA9EDDFA9A6A}.Debug|iPhone.ActiveCfg = Debug|Any CPU
		{37FF74F5-16BD-40DF-939C-FA9EDDFA9A6A}.Debug|iPhone.Build.0 = Debug|Any CPU
		{37FF74F5-16BD-40DF-939C-FA9EDDFA9A6A}.Debug|iPhoneSimulator.ActiveCfg = Debug|Any CPU
		{37FF74F5-16BD-40DF-939C-FA9EDDFA9A6A}.Debug|iPhoneSimulator.Build.0 = Debug|Any CPU
		{37FF74F5-16BD-40DF-939C-FA9EDDFA9A6A}.Debug|x64.ActiveCfg = Debug|Any CPU
		{37FF74F5-16BD-40DF-939C-FA9EDDFA9A6A}.Debug|x64.Build.0 = Debug|Any CPU
		{37FF74F5-16BD-40DF-939C-FA9EDDFA9A6A}.Debug|x86.ActiveCfg = Debug|Any CPU
		{37FF74F5-16BD-40DF-939C-FA9EDDFA9A6A}.Debug|x86.Build.0 = Debug|Any CPU
		{37FF74F5-16BD-40DF-939C-FA9EDDFA9A6A}.Release|Any CPU.ActiveCfg = Release|Any CPU
		{37FF74F5-16BD-40DF-939C-FA9EDDFA9A6A}.Release|Any CPU.Build.0 = Release|Any CPU
		{37FF74F5-16BD-40DF-939C-FA9EDDFA9A6A}.Release|ARM.ActiveCfg = Release|Any CPU
		{37FF74F5-16BD-40DF-939C-FA9EDDFA9A6A}.Release|ARM.Build.0 = Release|Any CPU
		{37FF74F5-16BD-40DF-939C-FA9EDDFA9A6A}.Release|ARM64.ActiveCfg = Release|Any CPU
		{37FF74F5-16BD-40DF-939C-FA9EDDFA9A6A}.Release|ARM64.Build.0 = Release|Any CPU
		{37FF74F5-16BD-40DF-939C-FA9EDDFA9A6A}.Release|iPhone.ActiveCfg = Release|Any CPU
		{37FF74F5-16BD-40DF-939C-FA9EDDFA9A6A}.Release|iPhone.Build.0 = Release|Any CPU
		{37FF74F5-16BD-40DF-939C-FA9EDDFA9A6A}.Release|iPhoneSimulator.ActiveCfg = Release|Any CPU
		{37FF74F5-16BD-40DF-939C-FA9EDDFA9A6A}.Release|iPhoneSimulator.Build.0 = Release|Any CPU
		{37FF74F5-16BD-40DF-939C-FA9EDDFA9A6A}.Release|x64.ActiveCfg = Release|Any CPU
		{37FF74F5-16BD-40DF-939C-FA9EDDFA9A6A}.Release|x64.Build.0 = Release|Any CPU
		{37FF74F5-16BD-40DF-939C-FA9EDDFA9A6A}.Release|x86.ActiveCfg = Release|Any CPU
		{37FF74F5-16BD-40DF-939C-FA9EDDFA9A6A}.Release|x86.Build.0 = Release|Any CPU
		{57B16B4C-879D-4964-BC02-A5B1C28FB1B5}.Ad-Hoc|Any CPU.ActiveCfg = Debug|iPhoneSimulator
		{57B16B4C-879D-4964-BC02-A5B1C28FB1B5}.Ad-Hoc|ARM.ActiveCfg = Debug|iPhoneSimulator
		{57B16B4C-879D-4964-BC02-A5B1C28FB1B5}.Ad-Hoc|ARM64.ActiveCfg = Debug|iPhoneSimulator
		{57B16B4C-879D-4964-BC02-A5B1C28FB1B5}.Ad-Hoc|iPhone.ActiveCfg = Debug|iPhoneSimulator
		{57B16B4C-879D-4964-BC02-A5B1C28FB1B5}.Ad-Hoc|iPhoneSimulator.ActiveCfg = Debug|iPhoneSimulator
		{57B16B4C-879D-4964-BC02-A5B1C28FB1B5}.Ad-Hoc|iPhoneSimulator.Build.0 = Debug|iPhoneSimulator
		{57B16B4C-879D-4964-BC02-A5B1C28FB1B5}.Ad-Hoc|x64.ActiveCfg = Debug|iPhoneSimulator
		{57B16B4C-879D-4964-BC02-A5B1C28FB1B5}.Ad-Hoc|x86.ActiveCfg = Debug|iPhoneSimulator
		{57B16B4C-879D-4964-BC02-A5B1C28FB1B5}.AppStore|Any CPU.ActiveCfg = Debug|iPhoneSimulator
		{57B16B4C-879D-4964-BC02-A5B1C28FB1B5}.AppStore|ARM.ActiveCfg = Debug|iPhoneSimulator
		{57B16B4C-879D-4964-BC02-A5B1C28FB1B5}.AppStore|ARM64.ActiveCfg = Debug|iPhoneSimulator
		{57B16B4C-879D-4964-BC02-A5B1C28FB1B5}.AppStore|iPhone.ActiveCfg = Debug|iPhoneSimulator
		{57B16B4C-879D-4964-BC02-A5B1C28FB1B5}.AppStore|iPhoneSimulator.ActiveCfg = Debug|iPhoneSimulator
		{57B16B4C-879D-4964-BC02-A5B1C28FB1B5}.AppStore|iPhoneSimulator.Build.0 = Debug|iPhoneSimulator
		{57B16B4C-879D-4964-BC02-A5B1C28FB1B5}.AppStore|x64.ActiveCfg = Debug|iPhoneSimulator
		{57B16B4C-879D-4964-BC02-A5B1C28FB1B5}.AppStore|x86.ActiveCfg = Debug|iPhoneSimulator
		{57B16B4C-879D-4964-BC02-A5B1C28FB1B5}.Debug|Any CPU.ActiveCfg = Debug|iPhoneSimulator
		{57B16B4C-879D-4964-BC02-A5B1C28FB1B5}.Debug|ARM.ActiveCfg = Debug|iPhoneSimulator
		{57B16B4C-879D-4964-BC02-A5B1C28FB1B5}.Debug|ARM64.ActiveCfg = Debug|iPhoneSimulator
		{57B16B4C-879D-4964-BC02-A5B1C28FB1B5}.Debug|iPhone.ActiveCfg = Debug|iPhoneSimulator
		{57B16B4C-879D-4964-BC02-A5B1C28FB1B5}.Debug|iPhoneSimulator.ActiveCfg = Debug|iPhoneSimulator
		{57B16B4C-879D-4964-BC02-A5B1C28FB1B5}.Debug|iPhoneSimulator.Build.0 = Debug|iPhoneSimulator
		{57B16B4C-879D-4964-BC02-A5B1C28FB1B5}.Debug|x64.ActiveCfg = Debug|iPhoneSimulator
		{57B16B4C-879D-4964-BC02-A5B1C28FB1B5}.Debug|x86.ActiveCfg = Debug|iPhoneSimulator
		{57B16B4C-879D-4964-BC02-A5B1C28FB1B5}.Release|Any CPU.ActiveCfg = Release|iPhoneSimulator
		{57B16B4C-879D-4964-BC02-A5B1C28FB1B5}.Release|ARM.ActiveCfg = Release|iPhoneSimulator
		{57B16B4C-879D-4964-BC02-A5B1C28FB1B5}.Release|ARM64.ActiveCfg = Release|iPhoneSimulator
		{57B16B4C-879D-4964-BC02-A5B1C28FB1B5}.Release|iPhone.ActiveCfg = Release|iPhoneSimulator
		{57B16B4C-879D-4964-BC02-A5B1C28FB1B5}.Release|iPhoneSimulator.ActiveCfg = Release|iPhoneSimulator
		{57B16B4C-879D-4964-BC02-A5B1C28FB1B5}.Release|iPhoneSimulator.Build.0 = Release|iPhoneSimulator
		{57B16B4C-879D-4964-BC02-A5B1C28FB1B5}.Release|x64.ActiveCfg = Release|iPhoneSimulator
		{57B16B4C-879D-4964-BC02-A5B1C28FB1B5}.Release|x86.ActiveCfg = Release|iPhoneSimulator
		{00834BC2-E5A2-4EDB-ACEE-1A26A7CEB046}.Ad-Hoc|Any CPU.ActiveCfg = Debug|Any CPU
		{00834BC2-E5A2-4EDB-ACEE-1A26A7CEB046}.Ad-Hoc|Any CPU.Build.0 = Debug|Any CPU
		{00834BC2-E5A2-4EDB-ACEE-1A26A7CEB046}.Ad-Hoc|ARM.ActiveCfg = Debug|Any CPU
		{00834BC2-E5A2-4EDB-ACEE-1A26A7CEB046}.Ad-Hoc|ARM.Build.0 = Debug|Any CPU
		{00834BC2-E5A2-4EDB-ACEE-1A26A7CEB046}.Ad-Hoc|ARM64.ActiveCfg = Debug|Any CPU
		{00834BC2-E5A2-4EDB-ACEE-1A26A7CEB046}.Ad-Hoc|ARM64.Build.0 = Debug|Any CPU
		{00834BC2-E5A2-4EDB-ACEE-1A26A7CEB046}.Ad-Hoc|iPhone.ActiveCfg = Debug|Any CPU
		{00834BC2-E5A2-4EDB-ACEE-1A26A7CEB046}.Ad-Hoc|iPhone.Build.0 = Debug|Any CPU
		{00834BC2-E5A2-4EDB-ACEE-1A26A7CEB046}.Ad-Hoc|iPhoneSimulator.ActiveCfg = Debug|Any CPU
		{00834BC2-E5A2-4EDB-ACEE-1A26A7CEB046}.Ad-Hoc|iPhoneSimulator.Build.0 = Debug|Any CPU
		{00834BC2-E5A2-4EDB-ACEE-1A26A7CEB046}.Ad-Hoc|x64.ActiveCfg = Debug|Any CPU
		{00834BC2-E5A2-4EDB-ACEE-1A26A7CEB046}.Ad-Hoc|x64.Build.0 = Debug|Any CPU
		{00834BC2-E5A2-4EDB-ACEE-1A26A7CEB046}.Ad-Hoc|x86.ActiveCfg = Debug|Any CPU
		{00834BC2-E5A2-4EDB-ACEE-1A26A7CEB046}.Ad-Hoc|x86.Build.0 = Debug|Any CPU
		{00834BC2-E5A2-4EDB-ACEE-1A26A7CEB046}.AppStore|Any CPU.ActiveCfg = Debug|Any CPU
		{00834BC2-E5A2-4EDB-ACEE-1A26A7CEB046}.AppStore|Any CPU.Build.0 = Debug|Any CPU
		{00834BC2-E5A2-4EDB-ACEE-1A26A7CEB046}.AppStore|ARM.ActiveCfg = Debug|Any CPU
		{00834BC2-E5A2-4EDB-ACEE-1A26A7CEB046}.AppStore|ARM.Build.0 = Debug|Any CPU
		{00834BC2-E5A2-4EDB-ACEE-1A26A7CEB046}.AppStore|ARM64.ActiveCfg = Debug|Any CPU
		{00834BC2-E5A2-4EDB-ACEE-1A26A7CEB046}.AppStore|ARM64.Build.0 = Debug|Any CPU
		{00834BC2-E5A2-4EDB-ACEE-1A26A7CEB046}.AppStore|iPhone.ActiveCfg = Debug|Any CPU
		{00834BC2-E5A2-4EDB-ACEE-1A26A7CEB046}.AppStore|iPhone.Build.0 = Debug|Any CPU
		{00834BC2-E5A2-4EDB-ACEE-1A26A7CEB046}.AppStore|iPhoneSimulator.ActiveCfg = Debug|Any CPU
		{00834BC2-E5A2-4EDB-ACEE-1A26A7CEB046}.AppStore|iPhoneSimulator.Build.0 = Debug|Any CPU
		{00834BC2-E5A2-4EDB-ACEE-1A26A7CEB046}.AppStore|x64.ActiveCfg = Debug|Any CPU
		{00834BC2-E5A2-4EDB-ACEE-1A26A7CEB046}.AppStore|x64.Build.0 = Debug|Any CPU
		{00834BC2-E5A2-4EDB-ACEE-1A26A7CEB046}.AppStore|x86.ActiveCfg = Debug|Any CPU
		{00834BC2-E5A2-4EDB-ACEE-1A26A7CEB046}.AppStore|x86.Build.0 = Debug|Any CPU
		{00834BC2-E5A2-4EDB-ACEE-1A26A7CEB046}.Debug|Any CPU.ActiveCfg = Debug|Any CPU
		{00834BC2-E5A2-4EDB-ACEE-1A26A7CEB046}.Debug|Any CPU.Build.0 = Debug|Any CPU
		{00834BC2-E5A2-4EDB-ACEE-1A26A7CEB046}.Debug|ARM.ActiveCfg = Debug|Any CPU
		{00834BC2-E5A2-4EDB-ACEE-1A26A7CEB046}.Debug|ARM.Build.0 = Debug|Any CPU
		{00834BC2-E5A2-4EDB-ACEE-1A26A7CEB046}.Debug|ARM64.ActiveCfg = Debug|Any CPU
		{00834BC2-E5A2-4EDB-ACEE-1A26A7CEB046}.Debug|ARM64.Build.0 = Debug|Any CPU
		{00834BC2-E5A2-4EDB-ACEE-1A26A7CEB046}.Debug|iPhone.ActiveCfg = Debug|Any CPU
		{00834BC2-E5A2-4EDB-ACEE-1A26A7CEB046}.Debug|iPhone.Build.0 = Debug|Any CPU
		{00834BC2-E5A2-4EDB-ACEE-1A26A7CEB046}.Debug|iPhoneSimulator.ActiveCfg = Debug|Any CPU
		{00834BC2-E5A2-4EDB-ACEE-1A26A7CEB046}.Debug|iPhoneSimulator.Build.0 = Debug|Any CPU
		{00834BC2-E5A2-4EDB-ACEE-1A26A7CEB046}.Debug|x64.ActiveCfg = Debug|Any CPU
		{00834BC2-E5A2-4EDB-ACEE-1A26A7CEB046}.Debug|x64.Build.0 = Debug|Any CPU
		{00834BC2-E5A2-4EDB-ACEE-1A26A7CEB046}.Debug|x86.ActiveCfg = Debug|Any CPU
		{00834BC2-E5A2-4EDB-ACEE-1A26A7CEB046}.Debug|x86.Build.0 = Debug|Any CPU
		{00834BC2-E5A2-4EDB-ACEE-1A26A7CEB046}.Release|Any CPU.ActiveCfg = Release|Any CPU
		{00834BC2-E5A2-4EDB-ACEE-1A26A7CEB046}.Release|Any CPU.Build.0 = Release|Any CPU
		{00834BC2-E5A2-4EDB-ACEE-1A26A7CEB046}.Release|ARM.ActiveCfg = Release|Any CPU
		{00834BC2-E5A2-4EDB-ACEE-1A26A7CEB046}.Release|ARM.Build.0 = Release|Any CPU
		{00834BC2-E5A2-4EDB-ACEE-1A26A7CEB046}.Release|ARM64.ActiveCfg = Release|Any CPU
		{00834BC2-E5A2-4EDB-ACEE-1A26A7CEB046}.Release|ARM64.Build.0 = Release|Any CPU
		{00834BC2-E5A2-4EDB-ACEE-1A26A7CEB046}.Release|iPhone.ActiveCfg = Release|Any CPU
		{00834BC2-E5A2-4EDB-ACEE-1A26A7CEB046}.Release|iPhone.Build.0 = Release|Any CPU
		{00834BC2-E5A2-4EDB-ACEE-1A26A7CEB046}.Release|iPhoneSimulator.ActiveCfg = Release|Any CPU
		{00834BC2-E5A2-4EDB-ACEE-1A26A7CEB046}.Release|iPhoneSimulator.Build.0 = Release|Any CPU
		{00834BC2-E5A2-4EDB-ACEE-1A26A7CEB046}.Release|x64.ActiveCfg = Release|Any CPU
		{00834BC2-E5A2-4EDB-ACEE-1A26A7CEB046}.Release|x64.Build.0 = Release|Any CPU
		{00834BC2-E5A2-4EDB-ACEE-1A26A7CEB046}.Release|x86.ActiveCfg = Release|Any CPU
		{00834BC2-E5A2-4EDB-ACEE-1A26A7CEB046}.Release|x86.Build.0 = Release|Any CPU
		{7BE70B2A-E282-483F-9740-3FC9017CB9D0}.Ad-Hoc|Any CPU.ActiveCfg = Debug|Any CPU
		{7BE70B2A-E282-483F-9740-3FC9017CB9D0}.Ad-Hoc|Any CPU.Build.0 = Debug|Any CPU
		{7BE70B2A-E282-483F-9740-3FC9017CB9D0}.Ad-Hoc|ARM.ActiveCfg = Debug|Any CPU
		{7BE70B2A-E282-483F-9740-3FC9017CB9D0}.Ad-Hoc|ARM.Build.0 = Debug|Any CPU
		{7BE70B2A-E282-483F-9740-3FC9017CB9D0}.Ad-Hoc|ARM64.ActiveCfg = Debug|Any CPU
		{7BE70B2A-E282-483F-9740-3FC9017CB9D0}.Ad-Hoc|ARM64.Build.0 = Debug|Any CPU
		{7BE70B2A-E282-483F-9740-3FC9017CB9D0}.Ad-Hoc|iPhone.ActiveCfg = Debug|Any CPU
		{7BE70B2A-E282-483F-9740-3FC9017CB9D0}.Ad-Hoc|iPhone.Build.0 = Debug|Any CPU
		{7BE70B2A-E282-483F-9740-3FC9017CB9D0}.Ad-Hoc|iPhoneSimulator.ActiveCfg = Debug|Any CPU
		{7BE70B2A-E282-483F-9740-3FC9017CB9D0}.Ad-Hoc|iPhoneSimulator.Build.0 = Debug|Any CPU
		{7BE70B2A-E282-483F-9740-3FC9017CB9D0}.Ad-Hoc|x64.ActiveCfg = Debug|Any CPU
		{7BE70B2A-E282-483F-9740-3FC9017CB9D0}.Ad-Hoc|x64.Build.0 = Debug|Any CPU
		{7BE70B2A-E282-483F-9740-3FC9017CB9D0}.Ad-Hoc|x86.ActiveCfg = Debug|Any CPU
		{7BE70B2A-E282-483F-9740-3FC9017CB9D0}.Ad-Hoc|x86.Build.0 = Debug|Any CPU
		{7BE70B2A-E282-483F-9740-3FC9017CB9D0}.AppStore|Any CPU.ActiveCfg = Debug|Any CPU
		{7BE70B2A-E282-483F-9740-3FC9017CB9D0}.AppStore|Any CPU.Build.0 = Debug|Any CPU
		{7BE70B2A-E282-483F-9740-3FC9017CB9D0}.AppStore|ARM.ActiveCfg = Debug|Any CPU
		{7BE70B2A-E282-483F-9740-3FC9017CB9D0}.AppStore|ARM.Build.0 = Debug|Any CPU
		{7BE70B2A-E282-483F-9740-3FC9017CB9D0}.AppStore|ARM64.ActiveCfg = Debug|Any CPU
		{7BE70B2A-E282-483F-9740-3FC9017CB9D0}.AppStore|ARM64.Build.0 = Debug|Any CPU
		{7BE70B2A-E282-483F-9740-3FC9017CB9D0}.AppStore|iPhone.ActiveCfg = Debug|Any CPU
		{7BE70B2A-E282-483F-9740-3FC9017CB9D0}.AppStore|iPhone.Build.0 = Debug|Any CPU
		{7BE70B2A-E282-483F-9740-3FC9017CB9D0}.AppStore|iPhoneSimulator.ActiveCfg = Debug|Any CPU
		{7BE70B2A-E282-483F-9740-3FC9017CB9D0}.AppStore|iPhoneSimulator.Build.0 = Debug|Any CPU
		{7BE70B2A-E282-483F-9740-3FC9017CB9D0}.AppStore|x64.ActiveCfg = Debug|Any CPU
		{7BE70B2A-E282-483F-9740-3FC9017CB9D0}.AppStore|x64.Build.0 = Debug|Any CPU
		{7BE70B2A-E282-483F-9740-3FC9017CB9D0}.AppStore|x86.ActiveCfg = Debug|Any CPU
		{7BE70B2A-E282-483F-9740-3FC9017CB9D0}.AppStore|x86.Build.0 = Debug|Any CPU
		{7BE70B2A-E282-483F-9740-3FC9017CB9D0}.Debug|Any CPU.ActiveCfg = Debug|Any CPU
		{7BE70B2A-E282-483F-9740-3FC9017CB9D0}.Debug|Any CPU.Build.0 = Debug|Any CPU
		{7BE70B2A-E282-483F-9740-3FC9017CB9D0}.Debug|ARM.ActiveCfg = Debug|Any CPU
		{7BE70B2A-E282-483F-9740-3FC9017CB9D0}.Debug|ARM.Build.0 = Debug|Any CPU
		{7BE70B2A-E282-483F-9740-3FC9017CB9D0}.Debug|ARM64.ActiveCfg = Debug|Any CPU
		{7BE70B2A-E282-483F-9740-3FC9017CB9D0}.Debug|ARM64.Build.0 = Debug|Any CPU
		{7BE70B2A-E282-483F-9740-3FC9017CB9D0}.Debug|iPhone.ActiveCfg = Debug|Any CPU
		{7BE70B2A-E282-483F-9740-3FC9017CB9D0}.Debug|iPhone.Build.0 = Debug|Any CPU
		{7BE70B2A-E282-483F-9740-3FC9017CB9D0}.Debug|iPhoneSimulator.ActiveCfg = Debug|Any CPU
		{7BE70B2A-E282-483F-9740-3FC9017CB9D0}.Debug|iPhoneSimulator.Build.0 = Debug|Any CPU
		{7BE70B2A-E282-483F-9740-3FC9017CB9D0}.Debug|x64.ActiveCfg = Debug|Any CPU
		{7BE70B2A-E282-483F-9740-3FC9017CB9D0}.Debug|x64.Build.0 = Debug|Any CPU
		{7BE70B2A-E282-483F-9740-3FC9017CB9D0}.Debug|x86.ActiveCfg = Debug|Any CPU
		{7BE70B2A-E282-483F-9740-3FC9017CB9D0}.Debug|x86.Build.0 = Debug|Any CPU
		{7BE70B2A-E282-483F-9740-3FC9017CB9D0}.Release|Any CPU.ActiveCfg = Release|Any CPU
		{7BE70B2A-E282-483F-9740-3FC9017CB9D0}.Release|Any CPU.Build.0 = Release|Any CPU
		{7BE70B2A-E282-483F-9740-3FC9017CB9D0}.Release|ARM.ActiveCfg = Release|Any CPU
		{7BE70B2A-E282-483F-9740-3FC9017CB9D0}.Release|ARM.Build.0 = Release|Any CPU
		{7BE70B2A-E282-483F-9740-3FC9017CB9D0}.Release|ARM64.ActiveCfg = Release|Any CPU
		{7BE70B2A-E282-483F-9740-3FC9017CB9D0}.Release|ARM64.Build.0 = Release|Any CPU
		{7BE70B2A-E282-483F-9740-3FC9017CB9D0}.Release|iPhone.ActiveCfg = Release|Any CPU
		{7BE70B2A-E282-483F-9740-3FC9017CB9D0}.Release|iPhone.Build.0 = Release|Any CPU
		{7BE70B2A-E282-483F-9740-3FC9017CB9D0}.Release|iPhoneSimulator.ActiveCfg = Release|Any CPU
		{7BE70B2A-E282-483F-9740-3FC9017CB9D0}.Release|iPhoneSimulator.Build.0 = Release|Any CPU
		{7BE70B2A-E282-483F-9740-3FC9017CB9D0}.Release|x64.ActiveCfg = Release|Any CPU
		{7BE70B2A-E282-483F-9740-3FC9017CB9D0}.Release|x64.Build.0 = Release|Any CPU
		{7BE70B2A-E282-483F-9740-3FC9017CB9D0}.Release|x86.ActiveCfg = Release|Any CPU
		{7BE70B2A-E282-483F-9740-3FC9017CB9D0}.Release|x86.Build.0 = Release|Any CPU
		{ECD34200-CD25-4B2C-A9E5-26408B3FEEDE}.Ad-Hoc|Any CPU.ActiveCfg = Debug|Any CPU
		{ECD34200-CD25-4B2C-A9E5-26408B3FEEDE}.Ad-Hoc|Any CPU.Build.0 = Debug|Any CPU
		{ECD34200-CD25-4B2C-A9E5-26408B3FEEDE}.Ad-Hoc|ARM.ActiveCfg = Debug|Any CPU
		{ECD34200-CD25-4B2C-A9E5-26408B3FEEDE}.Ad-Hoc|ARM.Build.0 = Debug|Any CPU
		{ECD34200-CD25-4B2C-A9E5-26408B3FEEDE}.Ad-Hoc|ARM64.ActiveCfg = Debug|Any CPU
		{ECD34200-CD25-4B2C-A9E5-26408B3FEEDE}.Ad-Hoc|ARM64.Build.0 = Debug|Any CPU
		{ECD34200-CD25-4B2C-A9E5-26408B3FEEDE}.Ad-Hoc|iPhone.ActiveCfg = Debug|Any CPU
		{ECD34200-CD25-4B2C-A9E5-26408B3FEEDE}.Ad-Hoc|iPhone.Build.0 = Debug|Any CPU
		{ECD34200-CD25-4B2C-A9E5-26408B3FEEDE}.Ad-Hoc|iPhoneSimulator.ActiveCfg = Debug|Any CPU
		{ECD34200-CD25-4B2C-A9E5-26408B3FEEDE}.Ad-Hoc|iPhoneSimulator.Build.0 = Debug|Any CPU
		{ECD34200-CD25-4B2C-A9E5-26408B3FEEDE}.Ad-Hoc|x64.ActiveCfg = Debug|Any CPU
		{ECD34200-CD25-4B2C-A9E5-26408B3FEEDE}.Ad-Hoc|x64.Build.0 = Debug|Any CPU
		{ECD34200-CD25-4B2C-A9E5-26408B3FEEDE}.Ad-Hoc|x86.ActiveCfg = Debug|Any CPU
		{ECD34200-CD25-4B2C-A9E5-26408B3FEEDE}.Ad-Hoc|x86.Build.0 = Debug|Any CPU
		{ECD34200-CD25-4B2C-A9E5-26408B3FEEDE}.AppStore|Any CPU.ActiveCfg = Debug|Any CPU
		{ECD34200-CD25-4B2C-A9E5-26408B3FEEDE}.AppStore|Any CPU.Build.0 = Debug|Any CPU
		{ECD34200-CD25-4B2C-A9E5-26408B3FEEDE}.AppStore|ARM.ActiveCfg = Debug|Any CPU
		{ECD34200-CD25-4B2C-A9E5-26408B3FEEDE}.AppStore|ARM.Build.0 = Debug|Any CPU
		{ECD34200-CD25-4B2C-A9E5-26408B3FEEDE}.AppStore|ARM64.ActiveCfg = Debug|Any CPU
		{ECD34200-CD25-4B2C-A9E5-26408B3FEEDE}.AppStore|ARM64.Build.0 = Debug|Any CPU
		{ECD34200-CD25-4B2C-A9E5-26408B3FEEDE}.AppStore|iPhone.ActiveCfg = Debug|Any CPU
		{ECD34200-CD25-4B2C-A9E5-26408B3FEEDE}.AppStore|iPhone.Build.0 = Debug|Any CPU
		{ECD34200-CD25-4B2C-A9E5-26408B3FEEDE}.AppStore|iPhoneSimulator.ActiveCfg = Debug|Any CPU
		{ECD34200-CD25-4B2C-A9E5-26408B3FEEDE}.AppStore|iPhoneSimulator.Build.0 = Debug|Any CPU
		{ECD34200-CD25-4B2C-A9E5-26408B3FEEDE}.AppStore|x64.ActiveCfg = Debug|Any CPU
		{ECD34200-CD25-4B2C-A9E5-26408B3FEEDE}.AppStore|x64.Build.0 = Debug|Any CPU
		{ECD34200-CD25-4B2C-A9E5-26408B3FEEDE}.AppStore|x86.ActiveCfg = Debug|Any CPU
		{ECD34200-CD25-4B2C-A9E5-26408B3FEEDE}.AppStore|x86.Build.0 = Debug|Any CPU
		{ECD34200-CD25-4B2C-A9E5-26408B3FEEDE}.Debug|Any CPU.ActiveCfg = Debug|Any CPU
		{ECD34200-CD25-4B2C-A9E5-26408B3FEEDE}.Debug|Any CPU.Build.0 = Debug|Any CPU
		{ECD34200-CD25-4B2C-A9E5-26408B3FEEDE}.Debug|ARM.ActiveCfg = Debug|Any CPU
		{ECD34200-CD25-4B2C-A9E5-26408B3FEEDE}.Debug|ARM.Build.0 = Debug|Any CPU
		{ECD34200-CD25-4B2C-A9E5-26408B3FEEDE}.Debug|ARM64.ActiveCfg = Debug|Any CPU
		{ECD34200-CD25-4B2C-A9E5-26408B3FEEDE}.Debug|ARM64.Build.0 = Debug|Any CPU
		{ECD34200-CD25-4B2C-A9E5-26408B3FEEDE}.Debug|iPhone.ActiveCfg = Debug|Any CPU
		{ECD34200-CD25-4B2C-A9E5-26408B3FEEDE}.Debug|iPhone.Build.0 = Debug|Any CPU
		{ECD34200-CD25-4B2C-A9E5-26408B3FEEDE}.Debug|iPhoneSimulator.ActiveCfg = Debug|Any CPU
		{ECD34200-CD25-4B2C-A9E5-26408B3FEEDE}.Debug|iPhoneSimulator.Build.0 = Debug|Any CPU
		{ECD34200-CD25-4B2C-A9E5-26408B3FEEDE}.Debug|x64.ActiveCfg = Debug|Any CPU
		{ECD34200-CD25-4B2C-A9E5-26408B3FEEDE}.Debug|x64.Build.0 = Debug|Any CPU
		{ECD34200-CD25-4B2C-A9E5-26408B3FEEDE}.Debug|x86.ActiveCfg = Debug|Any CPU
		{ECD34200-CD25-4B2C-A9E5-26408B3FEEDE}.Debug|x86.Build.0 = Debug|Any CPU
		{ECD34200-CD25-4B2C-A9E5-26408B3FEEDE}.Release|Any CPU.ActiveCfg = Release|Any CPU
		{ECD34200-CD25-4B2C-A9E5-26408B3FEEDE}.Release|Any CPU.Build.0 = Release|Any CPU
		{ECD34200-CD25-4B2C-A9E5-26408B3FEEDE}.Release|ARM.ActiveCfg = Release|Any CPU
		{ECD34200-CD25-4B2C-A9E5-26408B3FEEDE}.Release|ARM.Build.0 = Release|Any CPU
		{ECD34200-CD25-4B2C-A9E5-26408B3FEEDE}.Release|ARM64.ActiveCfg = Release|Any CPU
		{ECD34200-CD25-4B2C-A9E5-26408B3FEEDE}.Release|ARM64.Build.0 = Release|Any CPU
		{ECD34200-CD25-4B2C-A9E5-26408B3FEEDE}.Release|iPhone.ActiveCfg = Release|Any CPU
		{ECD34200-CD25-4B2C-A9E5-26408B3FEEDE}.Release|iPhone.Build.0 = Release|Any CPU
		{ECD34200-CD25-4B2C-A9E5-26408B3FEEDE}.Release|iPhoneSimulator.ActiveCfg = Release|Any CPU
		{ECD34200-CD25-4B2C-A9E5-26408B3FEEDE}.Release|iPhoneSimulator.Build.0 = Release|Any CPU
		{ECD34200-CD25-4B2C-A9E5-26408B3FEEDE}.Release|x64.ActiveCfg = Release|Any CPU
		{ECD34200-CD25-4B2C-A9E5-26408B3FEEDE}.Release|x64.Build.0 = Release|Any CPU
		{ECD34200-CD25-4B2C-A9E5-26408B3FEEDE}.Release|x86.ActiveCfg = Release|Any CPU
		{ECD34200-CD25-4B2C-A9E5-26408B3FEEDE}.Release|x86.Build.0 = Release|Any CPU
		{4A66BF52-C70B-4348-8CEA-C9190C84CC3D}.Ad-Hoc|Any CPU.ActiveCfg = Debug|Any CPU
		{4A66BF52-C70B-4348-8CEA-C9190C84CC3D}.Ad-Hoc|Any CPU.Build.0 = Debug|Any CPU
		{4A66BF52-C70B-4348-8CEA-C9190C84CC3D}.Ad-Hoc|ARM.ActiveCfg = Debug|Any CPU
		{4A66BF52-C70B-4348-8CEA-C9190C84CC3D}.Ad-Hoc|ARM.Build.0 = Debug|Any CPU
		{4A66BF52-C70B-4348-8CEA-C9190C84CC3D}.Ad-Hoc|ARM64.ActiveCfg = Debug|Any CPU
		{4A66BF52-C70B-4348-8CEA-C9190C84CC3D}.Ad-Hoc|ARM64.Build.0 = Debug|Any CPU
		{4A66BF52-C70B-4348-8CEA-C9190C84CC3D}.Ad-Hoc|iPhone.ActiveCfg = Debug|Any CPU
		{4A66BF52-C70B-4348-8CEA-C9190C84CC3D}.Ad-Hoc|iPhone.Build.0 = Debug|Any CPU
		{4A66BF52-C70B-4348-8CEA-C9190C84CC3D}.Ad-Hoc|iPhoneSimulator.ActiveCfg = Debug|Any CPU
		{4A66BF52-C70B-4348-8CEA-C9190C84CC3D}.Ad-Hoc|iPhoneSimulator.Build.0 = Debug|Any CPU
		{4A66BF52-C70B-4348-8CEA-C9190C84CC3D}.Ad-Hoc|x64.ActiveCfg = Debug|Any CPU
		{4A66BF52-C70B-4348-8CEA-C9190C84CC3D}.Ad-Hoc|x64.Build.0 = Debug|Any CPU
		{4A66BF52-C70B-4348-8CEA-C9190C84CC3D}.Ad-Hoc|x86.ActiveCfg = Debug|Any CPU
		{4A66BF52-C70B-4348-8CEA-C9190C84CC3D}.Ad-Hoc|x86.Build.0 = Debug|Any CPU
		{4A66BF52-C70B-4348-8CEA-C9190C84CC3D}.AppStore|Any CPU.ActiveCfg = Debug|Any CPU
		{4A66BF52-C70B-4348-8CEA-C9190C84CC3D}.AppStore|Any CPU.Build.0 = Debug|Any CPU
		{4A66BF52-C70B-4348-8CEA-C9190C84CC3D}.AppStore|ARM.ActiveCfg = Debug|Any CPU
		{4A66BF52-C70B-4348-8CEA-C9190C84CC3D}.AppStore|ARM.Build.0 = Debug|Any CPU
		{4A66BF52-C70B-4348-8CEA-C9190C84CC3D}.AppStore|ARM64.ActiveCfg = Debug|Any CPU
		{4A66BF52-C70B-4348-8CEA-C9190C84CC3D}.AppStore|ARM64.Build.0 = Debug|Any CPU
		{4A66BF52-C70B-4348-8CEA-C9190C84CC3D}.AppStore|iPhone.ActiveCfg = Debug|Any CPU
		{4A66BF52-C70B-4348-8CEA-C9190C84CC3D}.AppStore|iPhone.Build.0 = Debug|Any CPU
		{4A66BF52-C70B-4348-8CEA-C9190C84CC3D}.AppStore|iPhoneSimulator.ActiveCfg = Debug|Any CPU
		{4A66BF52-C70B-4348-8CEA-C9190C84CC3D}.AppStore|iPhoneSimulator.Build.0 = Debug|Any CPU
		{4A66BF52-C70B-4348-8CEA-C9190C84CC3D}.AppStore|x64.ActiveCfg = Debug|Any CPU
		{4A66BF52-C70B-4348-8CEA-C9190C84CC3D}.AppStore|x64.Build.0 = Debug|Any CPU
		{4A66BF52-C70B-4348-8CEA-C9190C84CC3D}.AppStore|x86.ActiveCfg = Debug|Any CPU
		{4A66BF52-C70B-4348-8CEA-C9190C84CC3D}.AppStore|x86.Build.0 = Debug|Any CPU
		{4A66BF52-C70B-4348-8CEA-C9190C84CC3D}.Debug|Any CPU.ActiveCfg = Debug|Any CPU
		{4A66BF52-C70B-4348-8CEA-C9190C84CC3D}.Debug|Any CPU.Build.0 = Debug|Any CPU
		{4A66BF52-C70B-4348-8CEA-C9190C84CC3D}.Debug|ARM.ActiveCfg = Debug|Any CPU
		{4A66BF52-C70B-4348-8CEA-C9190C84CC3D}.Debug|ARM.Build.0 = Debug|Any CPU
		{4A66BF52-C70B-4348-8CEA-C9190C84CC3D}.Debug|ARM64.ActiveCfg = Debug|Any CPU
		{4A66BF52-C70B-4348-8CEA-C9190C84CC3D}.Debug|ARM64.Build.0 = Debug|Any CPU
		{4A66BF52-C70B-4348-8CEA-C9190C84CC3D}.Debug|iPhone.ActiveCfg = Debug|Any CPU
		{4A66BF52-C70B-4348-8CEA-C9190C84CC3D}.Debug|iPhone.Build.0 = Debug|Any CPU
		{4A66BF52-C70B-4348-8CEA-C9190C84CC3D}.Debug|iPhoneSimulator.ActiveCfg = Debug|Any CPU
		{4A66BF52-C70B-4348-8CEA-C9190C84CC3D}.Debug|iPhoneSimulator.Build.0 = Debug|Any CPU
		{4A66BF52-C70B-4348-8CEA-C9190C84CC3D}.Debug|x64.ActiveCfg = Debug|Any CPU
		{4A66BF52-C70B-4348-8CEA-C9190C84CC3D}.Debug|x64.Build.0 = Debug|Any CPU
		{4A66BF52-C70B-4348-8CEA-C9190C84CC3D}.Debug|x86.ActiveCfg = Debug|Any CPU
		{4A66BF52-C70B-4348-8CEA-C9190C84CC3D}.Debug|x86.Build.0 = Debug|Any CPU
		{4A66BF52-C70B-4348-8CEA-C9190C84CC3D}.Release|Any CPU.ActiveCfg = Release|Any CPU
		{4A66BF52-C70B-4348-8CEA-C9190C84CC3D}.Release|Any CPU.Build.0 = Release|Any CPU
		{4A66BF52-C70B-4348-8CEA-C9190C84CC3D}.Release|ARM.ActiveCfg = Release|Any CPU
		{4A66BF52-C70B-4348-8CEA-C9190C84CC3D}.Release|ARM.Build.0 = Release|Any CPU
		{4A66BF52-C70B-4348-8CEA-C9190C84CC3D}.Release|ARM64.ActiveCfg = Release|Any CPU
		{4A66BF52-C70B-4348-8CEA-C9190C84CC3D}.Release|ARM64.Build.0 = Release|Any CPU
		{4A66BF52-C70B-4348-8CEA-C9190C84CC3D}.Release|iPhone.ActiveCfg = Release|Any CPU
		{4A66BF52-C70B-4348-8CEA-C9190C84CC3D}.Release|iPhone.Build.0 = Release|Any CPU
		{4A66BF52-C70B-4348-8CEA-C9190C84CC3D}.Release|iPhoneSimulator.ActiveCfg = Release|Any CPU
		{4A66BF52-C70B-4348-8CEA-C9190C84CC3D}.Release|iPhoneSimulator.Build.0 = Release|Any CPU
		{4A66BF52-C70B-4348-8CEA-C9190C84CC3D}.Release|x64.ActiveCfg = Release|Any CPU
		{4A66BF52-C70B-4348-8CEA-C9190C84CC3D}.Release|x64.Build.0 = Release|Any CPU
		{4A66BF52-C70B-4348-8CEA-C9190C84CC3D}.Release|x86.ActiveCfg = Release|Any CPU
		{4A66BF52-C70B-4348-8CEA-C9190C84CC3D}.Release|x86.Build.0 = Release|Any CPU
	EndGlobalSection
	GlobalSection(SolutionProperties) = preSolution
		HideSolutionNode = FALSE
	EndGlobalSection
	GlobalSection(NestedProjects) = preSolution
		{739E626C-07C8-4809-BA1C-261AFF3DF792} = {FAF70A1E-5C75-4520-95E5-492E2B023B80}
		{4EE9B8AE-8FAA-47D6-90DB-C7E43817E059} = {FAF70A1E-5C75-4520-95E5-492E2B023B80}
		{395AC769-99D1-4A77-8062-E897ED0CBFCA} = {FAF70A1E-5C75-4520-95E5-492E2B023B80}
		{37FF74F5-16BD-40DF-939C-FA9EDDFA9A6A} = {FAF70A1E-5C75-4520-95E5-492E2B023B80}
		{57B16B4C-879D-4964-BC02-A5B1C28FB1B5} = {FAF70A1E-5C75-4520-95E5-492E2B023B80}
		{00834BC2-E5A2-4EDB-ACEE-1A26A7CEB046} = {FAF70A1E-5C75-4520-95E5-492E2B023B80}
		{7BE70B2A-E282-483F-9740-3FC9017CB9D0} = {FAF70A1E-5C75-4520-95E5-492E2B023B80}
		{ECD34200-CD25-4B2C-A9E5-26408B3FEEDE} = {FAF70A1E-5C75-4520-95E5-492E2B023B80}
		{4A66BF52-C70B-4348-8CEA-C9190C84CC3D} = {FAF70A1E-5C75-4520-95E5-492E2B023B80}
	EndGlobalSection
	GlobalSection(ExtensibilityGlobals) = postSolution
		SolutionGuid = {30BBF521-786F-4112-BA3D-81CD96A4C6E7}
	EndGlobalSection
EndGlobal
